
Microsoft Visual Studio Solution File, Format Version 12.00
# Visual Studio Version 17
VisualStudioVersion = 17.5.33424.131
MinimumVisualStudioVersion = 10.0.40219.1
Project("{54A90642-561A-4BB1-A94E-469ADEE60C69}") = "CStore", "CStore\CStore.esproj", "{28300641-F67C-419C-ADD1-645CB83EC57F}"
EndProject
Project("{9A19103F-16F7-4668-BE54-9A1E7A4F7556}") = "CStoreAPI", "CStoreAPI\CStoreAPI.csproj", "{81BCAC7F-9D3E-4B84-BAD9-FB913D966676}"
EndProject
Global
	GlobalSection(SolutionConfigurationPlatforms) = preSolution
		Debug|Any CPU = Debug|Any CPU
		Release|Any CPU = Release|Any CPU
	EndGlobalSection
	GlobalSection(ProjectConfigurationPlatforms) = postSolution
		{28300641-F67C-419C-ADD1-645CB83EC57F}.Debug|Any CPU.ActiveCfg = Debug|Any CPU
		{28300641-F67C-419C-ADD1-645CB83EC57F}.Debug|Any CPU.Build.0 = Debug|Any CPU
		{28300641-F67C-419C-ADD1-645CB83EC57F}.Debug|Any CPU.Deploy.0 = Debug|Any CPU
		{28300641-F67C-419C-ADD1-645CB83EC57F}.Release|Any CPU.ActiveCfg = Release|Any CPU
		{28300641-F67C-419C-ADD1-645CB83EC57F}.Release|Any CPU.Build.0 = Release|Any CPU
		{28300641-F67C-419C-ADD1-645CB83EC57F}.Release|Any CPU.Deploy.0 = Release|Any CPU
		{81BCAC7F-9D3E-4B84-BAD9-FB913D966676}.Debug|Any CPU.ActiveCfg = Debug|Any CPU
		{81BCAC7F-9D3E-4B84-BAD9-FB913D966676}.Debug|Any CPU.Build.0 = Debug|Any CPU
		{81BCAC7F-9D3E-4B84-BAD9-FB913D966676}.Release|Any CPU.ActiveCfg = Release|Any CPU
		{81BCAC7F-9D3E-4B84-BAD9-FB913D966676}.Release|Any CPU.Build.0 = Release|Any CPU
	EndGlobalSection
	GlobalSection(SolutionProperties) = preSolution
		HideSolutionNode = FALSE
	EndGlobalSection
	GlobalSection(ExtensibilityGlobals) = postSolution
		SolutionGuid = {BF9469AD-3EE5-4E4B-8D35-0E00CBD22E4D}
	EndGlobalSection
EndGlobal
